
Microsoft Visual Studio Solution File, Format Version 12.00
# Visual Studio Version 17
VisualStudioVersion = 17.9.34622.214
MinimumVisualStudioVersion = 10.0.40219.1
Project("{9A19103F-16F7-4668-BE54-9A1E7A4F7556}") = "E-CommerceWebsite.BusinessLogicLayer", "E-CommerceWebsite.BusinessLogicLayer\E-CommerceWebsite.BusinessLogicLayer.csproj", "{F484A6F7-7E58-45FE-911A-FE0D816C558F}"
EndProject
Project("{9A19103F-16F7-4668-BE54-9A1E7A4F7556}") = "E-CommerceWebsite.DataAccesLayer", "E-CommerceWebsite.DataAccesLayer\E-CommerceWebsite.DataAccesLayer.csproj", "{DFFE36BC-FADC-4647-8D14-08078E76938B}"
EndProject
Project("{9A19103F-16F7-4668-BE54-9A1E7A4F7556}") = "E-CommerceWebsite.EntitiesLayer", "E-CommerceWebsite.EntitiesLayer\E-CommerceWebsite.EntitiesLayer.csproj", "{93CDDB5C-234C-47BE-83EF-A7E57DAB7AD0}"
EndProject
Project("{FAE04EC0-301F-11D3-BF4B-00C04F79EFBC}") = "E-CommerceWebsite", "E-CommerceWebsite\E-CommerceWebsite.csproj", "{05A10BED-D81B-4ACA-B03D-B04CBBC17148}"
EndProject
Global
	GlobalSection(SolutionConfigurationPlatforms) = preSolution
		Debug|Any CPU = Debug|Any CPU
		Release|Any CPU = Release|Any CPU
	EndGlobalSection
	GlobalSection(ProjectConfigurationPlatforms) = postSolution
		{F484A6F7-7E58-45FE-911A-FE0D816C558F}.Debug|Any CPU.ActiveCfg = Debug|Any CPU
		{F484A6F7-7E58-45FE-911A-FE0D816C558F}.Debug|Any CPU.Build.0 = Debug|Any CPU
		{F484A6F7-7E58-45FE-911A-FE0D816C558F}.Release|Any CPU.ActiveCfg = Release|Any CPU
		{F484A6F7-7E58-45FE-911A-FE0D816C558F}.Release|Any CPU.Build.0 = Release|Any CPU
		{DFFE36BC-FADC-4647-8D14-08078E76938B}.Debug|Any CPU.ActiveCfg = Debug|Any CPU
		{DFFE36BC-FADC-4647-8D14-08078E76938B}.Debug|Any CPU.Build.0 = Debug|Any CPU
		{DFFE36BC-FADC-4647-8D14-08078E76938B}.Release|Any CPU.ActiveCfg = Release|Any CPU
		{DFFE36BC-FADC-4647-8D14-08078E76938B}.Release|Any CPU.Build.0 = Release|Any CPU
		{93CDDB5C-234C-47BE-83EF-A7E57DAB7AD0}.Debug|Any CPU.ActiveCfg = Debug|Any CPU
		{93CDDB5C-234C-47BE-83EF-A7E57DAB7AD0}.Debug|Any CPU.Build.0 = Debug|Any CPU
		{93CDDB5C-234C-47BE-83EF-A7E57DAB7AD0}.Release|Any CPU.ActiveCfg = Release|Any CPU
		{93CDDB5C-234C-47BE-83EF-A7E57DAB7AD0}.Release|Any CPU.Build.0 = Release|Any CPU
		{05A10BED-D81B-4ACA-B03D-B04CBBC17148}.Debug|Any CPU.ActiveCfg = Debug|Any CPU
		{05A10BED-D81B-4ACA-B03D-B04CBBC17148}.Debug|Any CPU.Build.0 = Debug|Any CPU
		{05A10BED-D81B-4ACA-B03D-B04CBBC17148}.Release|Any CPU.ActiveCfg = Release|Any CPU
		{05A10BED-D81B-4ACA-B03D-B04CBBC17148}.Release|Any CPU.Build.0 = Release|Any CPU
	EndGlobalSection
	GlobalSection(SolutionProperties) = preSolution
		HideSolutionNode = FALSE
	EndGlobalSection
	GlobalSection(ExtensibilityGlobals) = postSolution
		SolutionGuid = {3600C0E9-C1AA-48AB-AAD8-30ABBB1787C7}
	EndGlobalSection
EndGlobal
